
Microsoft Visual Studio Solution File, Format Version 12.00
# Visual Studio Version 16
VisualStudioVersion = 16.0.30320.27
MinimumVisualStudioVersion = 10.0.40219.1
Project("{FAE04EC0-301F-11D3-BF4B-00C04F79EFBC}") = "CursoOnline.Dominio.Test", "test\CursoOnline.Dominio.Test\CursoOnline.Dominio.Test.csproj", "{0BD1FAD3-DC10-4F98-8BCD-A56865B0E2A9}"
EndProject
Project("{FAE04EC0-301F-11D3-BF4B-00C04F79EFBC}") = "CursoOnline.Dominio", "src\CursoOnline.Dominio\CursoOnline.Dominio.csproj", "{028DCD4B-AAF9-44BE-B035-77480A67196E}"
EndProject
Global
	GlobalSection(SolutionConfigurationPlatforms) = preSolution
		Debug|Any CPU = Debug|Any CPU
		Release|Any CPU = Release|Any CPU
	EndGlobalSection
	GlobalSection(ProjectConfigurationPlatforms) = postSolution
		{0BD1FAD3-DC10-4F98-8BCD-A56865B0E2A9}.Debug|Any CPU.ActiveCfg = Debug|Any CPU
		{0BD1FAD3-DC10-4F98-8BCD-A56865B0E2A9}.Debug|Any CPU.Build.0 = Debug|Any CPU
		{0BD1FAD3-DC10-4F98-8BCD-A56865B0E2A9}.Release|Any CPU.ActiveCfg = Release|Any CPU
		{0BD1FAD3-DC10-4F98-8BCD-A56865B0E2A9}.Release|Any CPU.Build.0 = Release|Any CPU
		{028DCD4B-AAF9-44BE-B035-77480A67196E}.Debug|Any CPU.ActiveCfg = Debug|Any CPU
		{028DCD4B-AAF9-44BE-B035-77480A67196E}.Debug|Any CPU.Build.0 = Debug|Any CPU
		{028DCD4B-AAF9-44BE-B035-77480A67196E}.Release|Any CPU.ActiveCfg = Release|Any CPU
		{028DCD4B-AAF9-44BE-B035-77480A67196E}.Release|Any CPU.Build.0 = Release|Any CPU
	EndGlobalSection
	GlobalSection(SolutionProperties) = preSolution
		HideSolutionNode = FALSE
	EndGlobalSection
	GlobalSection(ExtensibilityGlobals) = postSolution
		SolutionGuid = {C486DB0E-618E-4412-90AE-190EE66E5319}
	EndGlobalSection
EndGlobal
